{
  "version": 4,
  "terraform_version": "1.1.7",
  "serial": 36,
  "lineage": "4c9104ef-8efa-0e37-8459-e9f1d4ea2e22",
  "outputs": {},
  "resources": [
    {
      "mode": "managed",
      "type": "yandex_compute_instance",
      "name": "build",
      "provider": "provider[\"registry.terraform.io/yandex-cloud/yandex\"]",
      "instances": [
        {
          "schema_version": 1,
          "attributes": {
            "allow_recreate": null,
            "allow_stopping_for_update": true,
            "boot_disk": [
              {
                "auto_delete": true,
                "device_name": "epdp61j2m43386l7dauf",
                "disk_id": "epdp61j2m43386l7dauf",
                "initialize_params": [
                  {
                    "block_size": 4096,
                    "description": "",
                    "image_id": "fd8kdq6d0p8sij7h5qe3",
                    "name": "",
                    "size": 10,
                    "snapshot_id": "",
                    "type": "network-hdd"
                  }
                ],
                "mode": "READ_WRITE"
              }
            ],
            "created_at": "2022-09-06T12:54:27Z",
            "description": "",
            "folder_id": "b1gqgtdu7assr55vqtf2",
            "fqdn": "t-build1.ru-central1.internal",
            "hostname": "t-build1",
            "id": "epdei9513flje3vverpb",
            "labels": {},
            "local_disk": [],
            "metadata": {
              "ssh-keys": "ubuntu:ssh-rsa AAAAB3NzaC1yc2EAAAADAQABAAABAQDAldTof6Q4rIcTbb2w3P0Kh095FDgNJlmyZK12mN5VK8UJTd4x5wOtdT8622j9T8VP3GRHkgC9cgsf4anBfVSgWZiMsq3UFlrjw7Hbhh4NSpfZxmUR3MqhrCWMNPuwGcUqMcRgsPPzVGgnJx9zAaDjEnaadnTLkF2za+5s4OzLkKpfWLNASrpz/+36LuAxJy1gD64ezL+0B3hXdVoH/2nyL2D9WuBf06ebQhCKCV1wKokRchi2OuF1EBSbNkPR85mKMjF1NZ5GYNnm5vTudxIuPWL3G51Q6uEVNyQb9yZY3dX2vBQsWoClPgB2PsU2Pj9zAUP2XnZtzZrot7g8oZAz rsa-key-20220712\n"
            },
            "name": "t-build1",
            "network_acceleration_type": "standard",
            "network_interface": [
              {
                "dns_record": [],
                "index": 0,
                "ip_address": "10.129.0.10",
                "ipv4": true,
                "ipv6": false,
                "ipv6_address": "",
                "ipv6_dns_record": [],
                "mac_address": "d0:0d:e9:24:a1:1b",
                "nat": true,
                "nat_dns_record": [],
                "nat_ip_address": "158.160.3.14",
                "nat_ip_version": "IPV4",
                "security_group_ids": [],
                "subnet_id": "e2lbocl9ri9asmv0hq7i"
              }
            ],
            "placement_policy": [
              {
                "host_affinity_rules": [],
                "placement_group_id": ""
              }
            ],
            "platform_id": "standard-v1",
            "resources": [
              {
                "core_fraction": 20,
                "cores": 4,
                "gpus": 0,
                "memory": 4
              }
            ],
            "scheduling_policy": [
              {
                "preemptible": true
              }
            ],
            "secondary_disk": [],
            "service_account_id": "",
            "status": "running",
            "timeouts": null,
            "zone": "ru-central1-b"
          },
          "sensitive_attributes": [],
          "private": "eyJlMmJmYjczMC1lY2FhLTExZTYtOGY4OC0zNDM2M2JjN2M0YzAiOnsiY3JlYXRlIjozMDAwMDAwMDAwMDAsImRlbGV0ZSI6MzAwMDAwMDAwMDAwLCJ1cGRhdGUiOjMwMDAwMDAwMDAwMH0sInNjaGVtYV92ZXJzaW9uIjoiMSJ9"
        }
      ]
    },
    {
      "mode": "managed",
      "type": "yandex_compute_instance",
      "name": "prod",
      "provider": "provider[\"registry.terraform.io/yandex-cloud/yandex\"]",
      "instances": [
        {
          "schema_version": 1,
          "attributes": {
            "allow_recreate": null,
            "allow_stopping_for_update": true,
            "boot_disk": [
              {
                "auto_delete": true,
                "device_name": "epdf0f4v7gtktqnjcabc",
                "disk_id": "epdf0f4v7gtktqnjcabc",
                "initialize_params": [
                  {
                    "block_size": 4096,
                    "description": "",
                    "image_id": "fd8kdq6d0p8sij7h5qe3",
                    "name": "",
                    "size": 10,
                    "snapshot_id": "",
                    "type": "network-hdd"
                  }
                ],
                "mode": "READ_WRITE"
              }
            ],
            "created_at": "2022-09-06T13:14:16Z",
            "description": "",
            "folder_id": "b1gqgtdu7assr55vqtf2",
            "fqdn": "t-prod1.ru-central1.internal",
            "hostname": "t-prod1",
            "id": "epd193m573ahgc3r327d",
            "labels": {},
            "local_disk": [],
            "metadata": {
              "ssh-keys": "ubuntu:ssh-rsa AAAAB3NzaC1yc2EAAAADAQABAAABAQDAldTof6Q4rIcTbb2w3P0Kh095FDgNJlmyZK12mN5VK8UJTd4x5wOtdT8622j9T8VP3GRHkgC9cgsf4anBfVSgWZiMsq3UFlrjw7Hbhh4NSpfZxmUR3MqhrCWMNPuwGcUqMcRgsPPzVGgnJx9zAaDjEnaadnTLkF2za+5s4OzLkKpfWLNASrpz/+36LuAxJy1gD64ezL+0B3hXdVoH/2nyL2D9WuBf06ebQhCKCV1wKokRchi2OuF1EBSbNkPR85mKMjF1NZ5GYNnm5vTudxIuPWL3G51Q6uEVNyQb9yZY3dX2vBQsWoClPgB2PsU2Pj9zAUP2XnZtzZrot7g8oZAz rsa-key-20220712\n"
            },
            "name": "t-prod1",
            "network_acceleration_type": "standard",
            "network_interface": [
              {
                "dns_record": [],
                "index": 0,
                "ip_address": "10.129.0.23",
                "ipv4": true,
                "ipv6": false,
                "ipv6_address": "",
                "ipv6_dns_record": [],
                "mac_address": "d0:0d:14:8e:c5:38",
                "nat": true,
                "nat_dns_record": [],
                "nat_ip_address": "",
                "nat_ip_version": "IPV4",
                "security_group_ids": [],
                "subnet_id": "e2lbocl9ri9asmv0hq7i"
              }
            ],
            "placement_policy": [
              {
                "host_affinity_rules": [],
                "placement_group_id": ""
              }
            ],
            "platform_id": "standard-v1",
            "resources": [
              {
                "core_fraction": 20,
                "cores": 2,
                "gpus": 0,
                "memory": 2
              }
            ],
            "scheduling_policy": [
              {
                "preemptible": true
              }
            ],
            "secondary_disk": [],
            "service_account_id": "",
            "status": "stopped",
            "timeouts": null,
            "zone": "ru-central1-b"
          },
          "sensitive_attributes": [],
          "private": "eyJlMmJmYjczMC1lY2FhLTExZTYtOGY4OC0zNDM2M2JjN2M0YzAiOnsiY3JlYXRlIjozMDAwMDAwMDAwMDAsImRlbGV0ZSI6MzAwMDAwMDAwMDAwLCJ1cGRhdGUiOjMwMDAwMDAwMDAwMH0sInNjaGVtYV92ZXJzaW9uIjoiMSJ9"
        }
      ]
    }
  ]
}
